# This file is automatically @generated by Cargo.
# It is not intended for manual editing.
version = 4

[[package]]
name = "wse-adapter-mock"
version = "0.1.0"
dependencies = [
 "wse-common",
 "wse-contract",
]

[[package]]
name = "wse-adapter-windows"
version = "0.1.0"
dependencies = [
 "wse-common",
 "wse-conformance",
 "wse-contract",
]

[[package]]
name = "wse-adapter-windows-native"
version = "0.1.0"
dependencies = [
 "wse-common",
 "wse-conformance",
 "wse-contract",
 "wse-wrm",
]

[[package]]
name = "wse-app"
version = "0.1.0"
dependencies = [
 "wse-adapter-windows-native",
 "wse-common",
 "wse-engine",
]

[[package]]
name = "wse-common"
version = "0.1.0"

[[package]]
name = "wse-conformance"
version = "0.1.0"
dependencies = [
 "wse-adapter-mock",
 "wse-common",
 "wse-contract",
 "wse-engine",
]

[[package]]
name = "wse-contract"
version = "0.1.0"
dependencies = [
 "wse-common",
]

[[package]]
name = "wse-engine"
version = "0.1.0"
dependencies = [
 "wse-adapter-mock",
 "wse-common",
 "wse-contract",
]

[[package]]
name = "wse-server"
version = "0.1.0"
dependencies = [
 "wse-adapter-windows-native",
 "wse-common",
 "wse-engine",
]

[[package]]
name = "wse-shell"
version = "0.1.0"
dependencies = [
 "wse-adapter-windows-native",
 "wse-common",
 "wse-engine",
]

[[package]]
name = "wse-wrm"
version = "0.1.0"
